
Microsoft Visual Studio Solution File, Format Version 12.00
# Visual Studio Version 16
VisualStudioVersion = 16.0.31424.327
MinimumVisualStudioVersion = 10.0.40219.1
Project("{FAE04EC0-301F-11D3-BF4B-00C04F79EFBC}") = "Delegate-MethodCall", "Delegate-MethodCall\Delegate-MethodCall.csproj", "{0A9FDD4A-735B-4DCA-9D1B-F082FFB41275}"
EndProject
Global
	GlobalSection(SolutionConfigurationPlatforms) = preSolution
		Debug|Any CPU = Debug|Any CPU
		Release|Any CPU = Release|Any CPU
	EndGlobalSection
	GlobalSection(ProjectConfigurationPlatforms) = postSolution
		{0A9FDD4A-735B-4DCA-9D1B-F082FFB41275}.Debug|Any CPU.ActiveCfg = Debug|Any CPU
		{0A9FDD4A-735B-4DCA-9D1B-F082FFB41275}.Debug|Any CPU.Build.0 = Debug|Any CPU
		{0A9FDD4A-735B-4DCA-9D1B-F082FFB41275}.Release|Any CPU.ActiveCfg = Release|Any CPU
		{0A9FDD4A-735B-4DCA-9D1B-F082FFB41275}.Release|Any CPU.Build.0 = Release|Any CPU
	EndGlobalSection
	GlobalSection(SolutionProperties) = preSolution
		HideSolutionNode = FALSE
	EndGlobalSection
	GlobalSection(ExtensibilityGlobals) = postSolution
		SolutionGuid = {D020194B-BFE0-43A3-9A9E-C13EA4194062}
	EndGlobalSection
EndGlobal
