
Microsoft Visual Studio Solution File, Format Version 12.00
# Visual Studio Version 16
VisualStudioVersion = 16.0.31321.278
MinimumVisualStudioVersion = 10.0.40219.1
Project("{FAE04EC0-301F-11D3-BF4B-00C04F79EFBC}") = "Schieberegler", "Schieberegler\Schieberegler.csproj", "{EA765D86-20BE-4AB4-AA61-7E6EDD55C732}"
EndProject
Global
	GlobalSection(SolutionConfigurationPlatforms) = preSolution
		Debug|Any CPU = Debug|Any CPU
		Release|Any CPU = Release|Any CPU
	EndGlobalSection
	GlobalSection(ProjectConfigurationPlatforms) = postSolution
		{EA765D86-20BE-4AB4-AA61-7E6EDD55C732}.Debug|Any CPU.ActiveCfg = Debug|Any CPU
		{EA765D86-20BE-4AB4-AA61-7E6EDD55C732}.Debug|Any CPU.Build.0 = Debug|Any CPU
		{EA765D86-20BE-4AB4-AA61-7E6EDD55C732}.Release|Any CPU.ActiveCfg = Release|Any CPU
		{EA765D86-20BE-4AB4-AA61-7E6EDD55C732}.Release|Any CPU.Build.0 = Release|Any CPU
	EndGlobalSection
	GlobalSection(SolutionProperties) = preSolution
		HideSolutionNode = FALSE
	EndGlobalSection
	GlobalSection(ExtensibilityGlobals) = postSolution
		SolutionGuid = {FB99F8AE-735B-493D-83F8-E61BEF369A16}
	EndGlobalSection
EndGlobal
